
Microsoft Visual Studio Solution File, Format Version 12.00
# Visual Studio Version 17
VisualStudioVersion = 17.13.35828.75 d17.13
MinimumVisualStudioVersion = 10.0.40219.1
Project("{FAE04EC0-301F-11D3-BF4B-00C04F79EFBC}") = "Orientada_a_objeto_PI", "Orientada_a_objeto_PI\Orientada_a_objeto_PI.csproj", "{47F472AB-A2EB-47FD-95B5-3E18E1A58E71}"
EndProject
Global
	GlobalSection(SolutionConfigurationPlatforms) = preSolution
		Debug|Any CPU = Debug|Any CPU
		Release|Any CPU = Release|Any CPU
	EndGlobalSection
	GlobalSection(ProjectConfigurationPlatforms) = postSolution
		{47F472AB-A2EB-47FD-95B5-3E18E1A58E71}.Debug|Any CPU.ActiveCfg = Debug|Any CPU
		{47F472AB-A2EB-47FD-95B5-3E18E1A58E71}.Debug|Any CPU.Build.0 = Debug|Any CPU
		{47F472AB-A2EB-47FD-95B5-3E18E1A58E71}.Release|Any CPU.ActiveCfg = Release|Any CPU
		{47F472AB-A2EB-47FD-95B5-3E18E1A58E71}.Release|Any CPU.Build.0 = Release|Any CPU
	EndGlobalSection
	GlobalSection(SolutionProperties) = preSolution
		HideSolutionNode = FALSE
	EndGlobalSection
	GlobalSection(ExtensibilityGlobals) = postSolution
		SolutionGuid = {8E74BE86-8C14-4D34-8D3E-5417598A52CB}
	EndGlobalSection
EndGlobal
